// !$*UTF8*$!
{
	archiveVersion = 1;
	classes = {
	};
	objectVersion = 46;
	objects = {

/* Begin PBXBuildFile section */
		4B469A9E1AA26869004588AD /* main.m in Sources */ = {isa = PBXBuildFile; fileRef = 4B469A9D1AA26869004588AD /* main.m */; };
		4B469AA11AA26869004588AD /* AppDelegate.m in Sources */ = {isa = PBXBuildFile; fileRef = 4B469AA01AA26869004588AD /* AppDelegate.m */; };
		4B469AA41AA26869004588AD /* ViewController.m in Sources */ = {isa = PBXBuildFile; fileRef = 4B469AA31AA26869004588AD /* ViewController.m */; };
		4B469AA71AA26869004588AD /* Main.storyboard in Resources */ = {isa = PBXBuildFile; fileRef = 4B469AA51AA26869004588AD /* Main.storyboard */; };
		4B469AA91AA26869004588AD /* Images.xcassets in Resources */ = {isa = PBXBuildFile; fileRef = 4B469AA81AA26869004588AD /* Images.xcassets */; };
		4B469AAC1AA26869004588AD /* LaunchScreen.xib in Resources */ = {isa = PBXBuildFile; fileRef = 4B469AAA1AA26869004588AD /* LaunchScreen.xib */; };
		4B469AB81AA26869004588AD /* GridImagesFromRestTests.m in Sources */ = {isa = PBXBuildFile; fileRef = 4B469AB71AA26869004588AD /* GridImagesFromRestTests.m */; };
		4B7C7E991AA37FDD00B9E84C /* TweetsViewController.m in Sources */ = {isa = PBXBuildFile; fileRef = 4B7C7E981AA37FDD00B9E84C /* TweetsViewController.m */; };
		4B7E3E441AA38A3C00C060FC /* Accounts.framework in Frameworks */ = {isa = PBXBuildFile; fileRef = 4B7E3E431AA38A3C00C060FC /* Accounts.framework */; };
		4B7E3E461AA38A4500C060FC /* Social.framework in Frameworks */ = {isa = PBXBuildFile; fileRef = 4B7E3E451AA38A4500C060FC /* Social.framework */; };
/* End PBXBuildFile section */

/* Begin PBXContainerItemProxy section */
		4B469AB21AA26869004588AD /* PBXContainerItemProxy */ = {
			isa = PBXContainerItemProxy;
			containerPortal = 4B469A901AA26869004588AD /* Project object */;
			proxyType = 1;
			remoteGlobalIDString = 4B469A971AA26869004588AD;
			remoteInfo = GridImagesFromRest;
		};
/* End PBXContainerItemProxy section */

/* Begin PBXFileReference section */
		4B469A981AA26869004588AD /* GridImagesFromRest.app */ = {isa = PBXFileReference; explicitFileType = wrapper.application; includeInIndex = 0; path = GridImagesFromRest.app; sourceTree = BUILT_PRODUCTS_DIR; };
		4B469A9C1AA26869004588AD /* Info.plist */ = {isa = PBXFileReference; lastKnownFileType = text.plist.xml; path = Info.plist; sourceTree = "<group>"; };
		4B469A9D1AA26869004588AD /* main.m */ = {isa = PBXFileReference; lastKnownFileType = sourcecode.c.objc; path = main.m; sourceTree = "<group>"; };
		4B469A9F1AA26869004588AD /* AppDelegate.h */ = {isa = PBXFileReference; lastKnownFileType = sourcecode.c.h; path = AppDelegate.h; sourceTree = "<group>"; };
		4B469AA01AA26869004588AD /* AppDelegate.m */ = {isa = PBXFileReference; lastKnownFileType = sourcecode.c.objc; path = AppDelegate.m; sourceTree = "<group>"; };
		4B469AA21AA26869004588AD /* ViewController.h */ = {isa = PBXFileReference; lastKnownFileType = sourcecode.c.h; path = ViewController.h; sourceTree = "<group>"; };
		4B469AA31AA26869004588AD /* ViewController.m */ = {isa = PBXFileReference; lastKnownFileType = sourcecode.c.objc; path = ViewController.m; sourceTree = "<group>"; };
		4B469AA61AA26869004588AD /* Base */ = {isa = PBXFileReference; lastKnownFileType = file.storyboard; name = Base; path = Base.lproj/Main.storyboard; sourceTree = "<group>"; };
		4B469AA81AA26869004588AD /* Images.xcassets */ = {isa = PBXFileReference; lastKnownFileType = folder.assetcatalog; path = Images.xcassets; sourceTree = "<group>"; };
		4B469AAB1AA26869004588AD /* Base */ = {isa = PBXFileReference; lastKnownFileType = file.xib; name = Base; path = Base.lproj/LaunchScreen.xib; sourceTree = "<group>"; };
		4B469AB11AA26869004588AD /* GridImagesFromRestTests.xctest */ = {isa = PBXFileReference; explicitFileType = wrapper.cfbundle; includeInIndex = 0; path = GridImagesFromRestTests.xctest; sourceTree = BUILT_PRODUCTS_DIR; };
		4B469AB61AA26869004588AD /* Info.plist */ = {isa = PBXFileReference; lastKnownFileType = text.plist.xml; path = Info.plist; sourceTree = "<group>"; };
		4B469AB71AA26869004588AD /* GridImagesFromRestTests.m */ = {isa = PBXFileReference; lastKnownFileType = sourcecode.c.objc; path = GridImagesFromRestTests.m; sourceTree = "<group>"; };
		4B7C7E971AA37FDD00B9E84C /* TweetsViewController.h */ = {isa = PBXFileReference; fileEncoding = 4; lastKnownFileType = sourcecode.c.h; path = TweetsViewController.h; sourceTree = "<group>"; };
		4B7C7E981AA37FDD00B9E84C /* TweetsViewController.m */ = {isa = PBXFileReference; fileEncoding = 4; lastKnownFileType = sourcecode.c.objc; path = TweetsViewController.m; sourceTree = "<group>"; };
		4B7E3E431AA38A3C00C060FC /* Accounts.framework */ = {isa = PBXFileReference; lastKnownFileType = wrapper.framework; name = Accounts.framework; path = System/Library/Frameworks/Accounts.framework; sourceTree = SDKROOT; };
		4B7E3E451AA38A4500C060FC /* Social.framework */ = {isa = PBXFileReference; lastKnownFileType = wrapper.framework; name = Social.framework; path = System/Library/Frameworks/Social.framework; sourceTree = SDKROOT; };
/* End PBXFileReference section */

/* Begin PBXFrameworksBuildPhase section */
		4B469A951AA26869004588AD /* Frameworks */ = {
			isa = PBXFrameworksBuildPhase;
			buildActionMask = 2147483647;
			files = (
				4B7E3E461AA38A4500C060FC /* Social.framework in Frameworks */,
				4B7E3E441AA38A3C00C060FC /* Accounts.framework in Frameworks */,
			);
			runOnlyForDeploymentPostprocessing = 0;
		};
		4B469AAE1AA26869004588AD /* Frameworks */ = {
			isa = PBXFrameworksBuildPhase;
			buildActionMask = 2147483647;
			files = (
			);
			runOnlyForDeploymentPostprocessing = 0;
		};
/* End PBXFrameworksBuildPhase section */

/* Begin PBXGroup section */
		4B469A8F1AA26869004588AD = {
			isa = PBXGroup;
			children = (
				4B7E3E451AA38A4500C060FC /* Social.framework */,
				4B7E3E431AA38A3C00C060FC /* Accounts.framework */,
				4B469A9A1AA26869004588AD /* GridImagesFromRest */,
				4B469AB41AA26869004588AD /* GridImagesFromRestTests */,
				4B469A991AA26869004588AD /* Products */,
			);
			sourceTree = "<group>";
		};
		4B469A991AA26869004588AD /* Products */ = {
			isa = PBXGroup;
			children = (
				4B469A981AA26869004588AD /* GridImagesFromRest.app */,
				4B469AB11AA26869004588AD /* GridImagesFromRestTests.xctest */,
			);
			name = Products;
			sourceTree = "<group>";
		};
		4B469A9A1AA26869004588AD /* GridImagesFromRest */ = {
			isa = PBXGroup;
			children = (
				4B469A9F1AA26869004588AD /* AppDelegate.h */,
				4B469AA01AA26869004588AD /* AppDelegate.m */,
				4B469AA21AA26869004588AD /* ViewController.h */,
				4B469AA31AA26869004588AD /* ViewController.m */,
				4B469AA51AA26869004588AD /* Main.storyboard */,
				4B469AA81AA26869004588AD /* Images.xcassets */,
				4B469AAA1AA26869004588AD /* LaunchScreen.xib */,
				4B469A9B1AA26869004588AD /* Supporting Files */,
				4B7C7E971AA37FDD00B9E84C /* TweetsViewController.h */,
				4B7C7E981AA37FDD00B9E84C /* TweetsViewController.m */,
			);
			path = GridImagesFromRest;
			sourceTree = "<group>";
		};
		4B469A9B1AA26869004588AD /* Supporting Files */ = {
			isa = PBXGroup;
			children = (
				4B469A9C1AA26869004588AD /* Info.plist */,
				4B469A9D1AA26869004588AD /* main.m */,
			);
			name = "Supporting Files";
			sourceTree = "<group>";
		};
		4B469AB41AA26869004588AD /* GridImagesFromRestTests */ = {
			isa = PBXGroup;
			children = (
				4B469AB71AA26869004588AD /* GridImagesFromRestTests.m */,
				4B469AB51AA26869004588AD /* Supporting Files */,
			);
			path = GridImagesFromRestTests;
			sourceTree = "<group>";
		};
		4B469AB51AA26869004588AD /* Supporting Files */ = {
			isa = PBXGroup;
			children = (
				4B469AB61AA26869004588AD /* Info.plist */,
			);
			name = "Supporting Files";
			sourceTree = "<group>";
		};
/* End PBXGroup section */

/* Begin PBXNativeTarget section */
		4B469A971AA26869004588AD /* GridImagesFromRest */ = {
			isa = PBXNativeTarget;
			buildConfigurationList = 4B469ABB1AA26869004588AD /* Build configuration list for PBXNativeTarget "GridImagesFromRest" */;
			buildPhases = (
				4B469A941AA26869004588AD /* Sources */,
				4B469A951AA26869004588AD /* Frameworks */,
				4B469A961AA26869004588AD /* Resources */,
			);
			buildRules = (
			);
			dependencies = (
			);
			name = GridImagesFromRest;
			productName = GridImagesFromRest;
			productReference = 4B469A981AA26869004588AD /* GridImagesFromRest.app */;
			productType = "com.apple.product-type.application";
		};
		4B469AB01AA26869004588AD /* GridImagesFromRestTests */ = {
			isa = PBXNativeTarget;
			buildConfigurationList = 4B469ABE1AA26869004588AD /* Build configuration list for PBXNativeTarget "GridImagesFromRestTests" */;
			buildPhases = (
				4B469AAD1AA26869004588AD /* Sources */,
				4B469AAE1AA26869004588AD /* Frameworks */,
				4B469AAF1AA26869004588AD /* Resources */,
			);
			buildRules = (
			);
			dependencies = (
				4B469AB31AA26869004588AD /* PBXTargetDependency */,
			);
			name = GridImagesFromRestTests;
			productName = GridImagesFromRestTests;
			productReference = 4B469AB11AA26869004588AD /* GridImagesFromRestTests.xctest */;
			productType = "com.apple.product-type.bundle.unit-test";
		};
/* End PBXNativeTarget section */

/* Begin PBXProject section */
		4B469A901AA26869004588AD /* Project object */ = {
			isa = PBXProject;
			attributes = {
				LastUpgradeCheck = 0610;
				ORGANIZATIONNAME = "Ricardo Gonzales";
				TargetAttributes = {
					4B469A971AA26869004588AD = {
						CreatedOnToolsVersion = 6.1.1;
					};
					4B469AB01AA26869004588AD = {
						CreatedOnToolsVersion = 6.1.1;
						TestTargetID = 4B469A971AA26869004588AD;
					};
				};
			};
			buildConfigurationList = 4B469A931AA26869004588AD /* Build configuration list for PBXProject "GridImagesFromRest" */;
			compatibilityVersion = "Xcode 3.2";
			developmentRegion = English;
			hasScannedForEncodings = 0;
			knownRegions = (
				en,
				Base,
			);
			mainGroup = 4B469A8F1AA26869004588AD;
			productRefGroup = 4B469A991AA26869004588AD /* Products */;
			projectDirPath = "";
			projectRoot = "";
			targets = (
				4B469A971AA26869004588AD /* GridImagesFromRest */,
				4B469AB01AA26869004588AD /* GridImagesFromRestTests */,
			);
		};
/* End PBXProject section */

/* Begin PBXResourcesBuildPhase section */
		4B469A961AA26869004588AD /* Resources */ = {
			isa = PBXResourcesBuildPhase;
			buildActionMask = 2147483647;
			files = (
				4B469AA71AA26869004588AD /* Main.storyboard in Resources */,
				4B469AAC1AA26869004588AD /* LaunchScreen.xib in Resources */,
				4B469AA91AA26869004588AD /* Images.xcassets in Resources */,
			);
			runOnlyForDeploymentPostprocessing = 0;
		};
		4B469AAF1AA26869004588AD /* Resources */ = {
			isa = PBXResourcesBuildPhase;
			buildActionMask = 2147483647;
			files = (
			);
			runOnlyForDeploymentPostprocessing = 0;
		};
/* End PBXResourcesBuildPhase section */

/* Begin PBXSourcesBuildPhase section */
		4B469A941AA26869004588AD /* Sources */ = {
			isa = PBXSourcesBuildPhase;
			buildActionMask = 2147483647;
			files = (
				4B7C7E991AA37FDD00B9E84C /* TweetsViewController.m in Sources */,
				4B469AA41AA26869004588AD /* ViewController.m in Sources */,
				4B469AA11AA26869004588AD /* AppDelegate.m in Sources */,
				4B469A9E1AA26869004588AD /* main.m in Sources */,
			);
			runOnlyForDeploymentPostprocessing = 0;
		};
		4B469AAD1AA26869004588AD /* Sources */ = {
			isa = PBXSourcesBuildPhase;
			buildActionMask = 2147483647;
			files = (
				4B469AB81AA26869004588AD /* GridImagesFromRestTests.m in Sources */,
			);
			runOnlyForDeploymentPostprocessing = 0;
		};
/* End PBXSourcesBuildPhase section */

/* Begin PBXTargetDependency section */
		4B469AB31AA26869004588AD /* PBXTargetDependency */ = {
			isa = PBXTargetDependency;
			target = 4B469A971AA26869004588AD /* GridImagesFromRest */;
			targetProxy = 4B469AB21AA26869004588AD /* PBXContainerItemProxy */;
		};
/* End PBXTargetDependency section */

/* Begin PBXVariantGroup section */
		4B469AA51AA26869004588AD /* Main.storyboard */ = {
			isa = PBXVariantGroup;
			children = (
				4B469AA61AA26869004588AD /* Base */,
			);
			name = Main.storyboard;
			sourceTree = "<group>";
		};
		4B469AAA1AA26869004588AD /* LaunchScreen.xib */ = {
			isa = PBXVariantGroup;
			children = (
				4B469AAB1AA26869004588AD /* Base */,
			);
			name = LaunchScreen.xib;
			sourceTree = "<group>";
		};
/* End PBXVariantGroup section */

/* Begin XCBuildConfiguration section */
		4B469AB91AA26869004588AD /* Debug */ = {
			isa = XCBuildConfiguration;
			buildSettings = {
				ALWAYS_SEARCH_USER_PATHS = NO;
				CLANG_CXX_LANGUAGE_STANDARD = "gnu++0x";
				CLANG_CXX_LIBRARY = "libc++";
				CLANG_ENABLE_MODULES = YES;
				CLANG_ENABLE_OBJC_ARC = YES;
				CLANG_WARN_BOOL_CONVERSION = YES;
				CLANG_WARN_CONSTANT_CONVERSION = YES;
				CLANG_WARN_DIRECT_OBJC_ISA_USAGE = YES_ERROR;
				CLANG_WARN_EMPTY_BODY = YES;
				CLANG_WARN_ENUM_CONVERSION = YES;
				CLANG_WARN_INT_CONVERSION = YES;
				CLANG_WARN_OBJC_ROOT_CLASS = YES_ERROR;
				CLANG_WARN_UNREACHABLE_CODE = YES;
				CLANG_WARN__DUPLICATE_METHOD_MATCH = YES;
				"CODE_SIGN_IDENTITY[sdk=iphoneos*]" = "iPhone Developer";
				COPY_PHASE_STRIP = NO;
				ENABLE_STRICT_OBJC_MSGSEND = YES;
				GCC_C_LANGUAGE_STANDARD = gnu99;
				GCC_DYNAMIC_NO_PIC = NO;
				GCC_OPTIMIZATION_LEVEL = 0;
				GCC_PREPROCESSOR_DEFINITIONS = (
					"DEBUG=1",
					"$(inherited)",
				);
				GCC_SYMBOLS_PRIVATE_EXTERN = NO;
				GCC_WARN_64_TO_32_BIT_CONVERSION = YES;
				GCC_WARN_ABOUT_RETURN_TYPE = YES_ERROR;
				GCC_WARN_UNDECLARED_SELECTOR = YES;
				GCC_WARN_UNINITIALIZED_AUTOS = YES_AGGRESSIVE;
				GCC_WARN_UNUSED_FUNCTION = YES;
				GCC_WARN_UNUSED_VARIABLE = YES;
				IPHONEOS_DEPLOYMENT_TARGET = 8.1;
				MTL_ENABLE_DEBUG_INFO = YES;
				ONLY_ACTIVE_ARCH = YES;
				SDKROOT = iphoneos;
			};
			name = Debug;
		};
		4B469ABA1AA26869004588AD /* Release */ = {
			isa = XCBuildConfiguration;
			buildSettings = {
				ALWAYS_SEARCH_USER_PATHS = NO;
				CLANG_CXX_LANGUAGE_STANDARD = "gnu++0x";
				CLANG_CXX_LIBRARY = "libc++";
				CLANG_ENABLE_MODULES = YES;
				CLANG_ENABLE_OBJC_ARC = YES;
				CLANG_WARN_BOOL_CONVERSION = YES;
				CLANG_WARN_CONSTANT_CONVERSION = YES;
				CLANG_WARN_DIRECT_OBJC_ISA_USAGE = YES_ERROR;
				CLANG_WARN_EMPTY_BODY = YES;
				CLANG_WARN_ENUM_CONVERSION = YES;
				CLANG_WARN_INT_CONVERSION = YES;
				CLANG_WARN_OBJC_ROOT_CLASS = YES_ERROR;
				CLANG_WARN_UNREACHABLE_CODE = YES;
				CLANG_WARN__DUPLICATE_METHOD_MATCH = YES;
				"CODE_SIGN_IDENTITY[sdk=iphoneos*]" = "iPhone Developer";
				COPY_PHASE_STRIP = YES;
				ENABLE_NS_ASSERTIONS = NO;
				ENABLE_STRICT_OBJC_MSGSEND = YES;
				GCC_C_LANGUAGE_STANDARD = gnu99;
				GCC_WARN_64_TO_32_BIT_CONVERSION = YES;
				GCC_WARN_ABOUT_RETURN_TYPE = YES_ERROR;
				GCC_WARN_UNDECLARED_SELECTOR = YES;
				GCC_WARN_UNINITIALIZED_AUTOS = YES_AGGRESSIVE;
				GCC_WARN_UNUSED_FUNCTION = YES;
				GCC_WARN_UNUSED_VARIABLE = YES;
				IPHONEOS_DEPLOYMENT_TARGET = 8.1;
				MTL_ENABLE_DEBUG_INFO = NO;
				SDKROOT = iphoneos;
				VALIDATE_PRODUCT = YES;
			};
			name = Release;
		};
		4B469ABC1AA26869004588AD /* Debug */ = {
			isa = XCBuildConfiguration;
			buildSettings = {
				ASSETCATALOG_COMPILER_APPICON_NAME = AppIcon;
				INFOPLIST_FILE = GridImagesFromRest/Info.plist;
				LD_RUNPATH_SEARCH_PATHS = "$(inherited) @executable_path/Frameworks";
				PRODUCT_NAME = "$(TARGET_NAME)";
			};
			name = Debug;
		};
		4B469ABD1AA26869004588AD /* Release */ = {
			isa = XCBuildConfiguration;
			buildSettings = {
				ASSETCATALOG_COMPILER_APPICON_NAME = AppIcon;
				INFOPLIST_FILE = GridImagesFromRest/Info.plist;
				LD_RUNPATH_SEARCH_PATHS = "$(inherited) @executable_path/Frameworks";
				PRODUCT_NAME = "$(TARGET_NAME)";
			};
			name = Release;
		};
		4B469ABF1AA26869004588AD /* Debug */ = {
			isa = XCBuildConfiguration;
			buildSettings = {
				BUNDLE_LOADER = "$(TEST_HOST)";
				FRAMEWORK_SEARCH_PATHS = (
					"$(SDKROOT)/Developer/Library/Frameworks",
					"$(inherited)",
				);
				GCC_PREPROCESSOR_DEFINITIONS = (
					"DEBUG=1",
					"$(inherited)",
				);
				INFOPLIST_FILE = GridImagesFromRestTests/Info.plist;
				LD_RUNPATH_SEARCH_PATHS = "$(inherited) @executable_path/Frameworks @loader_path/Frameworks";
				PRODUCT_NAME = "$(TARGET_NAME)";
				TEST_HOST = "$(BUILT_PRODUCTS_DIR)/GridImagesFromRest.app/GridImagesFromRest";
			};
			name = Debug;
		};
		4B469AC01AA26869004588AD /* Release */ = {
			isa = XCBuildConfiguration;
			buildSettings = {
				BUNDLE_LOADER = "$(TEST_HOST)";
				FRAMEWORK_SEARCH_PATHS = (
					"$(SDKROOT)/Developer/Library/Frameworks",
					"$(inherited)",
				);
				INFOPLIST_FILE = GridImagesFromRestTests/Info.plist;
				LD_RUNPATH_SEARCH_PATHS = "$(inherited) @executable_path/Frameworks @loader_path/Frameworks";
				PRODUCT_NAME = "$(TARGET_NAME)";
				TEST_HOST = "$(BUILT_PRODUCTS_DIR)/GridImagesFromRest.app/GridImagesFromRest";
			};
			name = Release;
		};
/* End XCBuildConfiguration section */

/* Begin XCConfigurationList section */
		4B469A931AA26869004588AD /* Build configuration list for PBXProject "GridImagesFromRest" */ = {
			isa = XCConfigurationList;
			buildConfigurations = (
				4B469AB91AA26869004588AD /* Debug */,
				4B469ABA1AA26869004588AD /* Release */,
			);
			defaultConfigurationIsVisible = 0;
			defaultConfigurationName = Release;
		};
		4B469ABB1AA26869004588AD /* Build configuration list for PBXNativeTarget "GridImagesFromRest" */ = {
			isa = XCConfigurationList;
			buildConfigurations = (
				4B469ABC1AA26869004588AD /* Debug */,
				4B469ABD1AA26869004588AD /* Release */,
			);
			defaultConfigurationIsVisible = 0;
			defaultConfigurationName = Release;
		};
		4B469ABE1AA26869004588AD /* Build configuration list for PBXNativeTarget "GridImagesFromRestTests" */ = {
			isa = XCConfigurationList;
			buildConfigurations = (
				4B469ABF1AA26869004588AD /* Debug */,
				4B469AC01AA26869004588AD /* Release */,
			);
			defaultConfigurationIsVisible = 0;
			defaultConfigurationName = Release;
		};
/* End XCConfigurationList section */
	};
	rootObject = 4B469A901AA26869004588AD /* Project object */;
}
